// !$*UTF8*$!
{
	archiveVersion = 1;
	classes = {
	};
	objectVersion = 50;
	objects = {

/* Begin PBXBuildFile section */
		3B1A2A92BD5DF7D82B43E780 /* libPods-FeedDemo.a in Frameworks */ = {isa = PBXBuildFile; fileRef = 34ACDE9EA72905C355EA72B9 /* libPods-FeedDemo.a */; };
		ED0965EE21CDF93900BB5C83 /* AppDelegate.m in Sources */ = {isa = PBXBuildFile; fileRef = ED0965ED21CDF93900BB5C83 /* AppDelegate.m */; };
		ED0965F121CDF93900BB5C83 /* ViewController.m in Sources */ = {isa = PBXBuildFile; fileRef = ED0965F021CDF93900BB5C83 /* ViewController.m */; };
		ED0965F421CDF93900BB5C83 /* Main.storyboard in Resources */ = {isa = PBXBuildFile; fileRef = ED0965F221CDF93900BB5C83 /* Main.storyboard */; };
		ED0965F621CDF93A00BB5C83 /* Assets.xcassets in Resources */ = {isa = PBXBuildFile; fileRef = ED0965F521CDF93A00BB5C83 /* Assets.xcassets */; };
		ED0965F921CDF93A00BB5C83 /* LaunchScreen.storyboard in Resources */ = {isa = PBXBuildFile; fileRef = ED0965F721CDF93A00BB5C83 /* LaunchScreen.storyboard */; };
		ED0965FC21CDF93A00BB5C83 /* main.m in Sources */ = {isa = PBXBuildFile; fileRef = ED0965FB21CDF93A00BB5C83 /* main.m */; };
		ED09660621CDF93A00BB5C83 /* FeedDemoTests.m in Sources */ = {isa = PBXBuildFile; fileRef = ED09660521CDF93A00BB5C83 /* FeedDemoTests.m */; };
		ED09661121CDF93A00BB5C83 /* FeedDemoUITests.m in Sources */ = {isa = PBXBuildFile; fileRef = ED09661021CDF93A00BB5C83 /* FeedDemoUITests.m */; };
		ED09663C21CDFB3B00BB5C83 /* MMFeedStyle2Model.m in Sources */ = {isa = PBXBuildFile; fileRef = ED09662121CDFB3B00BB5C83 /* MMFeedStyle2Model.m */; };
		ED09663D21CDFB3B00BB5C83 /* MMFeedStyle2Item.m in Sources */ = {isa = PBXBuildFile; fileRef = ED09662221CDFB3B00BB5C83 /* MMFeedStyle2Item.m */; };
		ED09663E21CDFB3B00BB5C83 /* MMFeedStyle2View.m in Sources */ = {isa = PBXBuildFile; fileRef = ED09662321CDFB3B00BB5C83 /* MMFeedStyle2View.m */; };
		ED09663F21CDFB3B00BB5C83 /* MMFeedItem.m in Sources */ = {isa = PBXBuildFile; fileRef = ED09662721CDFB3B00BB5C83 /* MMFeedItem.m */; };
		ED09664021CDFB3B00BB5C83 /* MMFeedCell.m in Sources */ = {isa = PBXBuildFile; fileRef = ED09662821CDFB3B00BB5C83 /* MMFeedCell.m */; };
		ED09664121CDFB3B00BB5C83 /* MMFeedGuideCardModel.m in Sources */ = {isa = PBXBuildFile; fileRef = ED09662E21CDFB3B00BB5C83 /* MMFeedGuideCardModel.m */; };
		ED09664221CDFB3B00BB5C83 /* MMFeedGuideCardItem.m in Sources */ = {isa = PBXBuildFile; fileRef = ED09662F21CDFB3B00BB5C83 /* MMFeedGuideCardItem.m */; };
		ED09664321CDFB3B00BB5C83 /* MMFeedGuideCardView.m in Sources */ = {isa = PBXBuildFile; fileRef = ED09663021CDFB3B00BB5C83 /* MMFeedGuideCardView.m */; };
		ED09664421CDFB3B00BB5C83 /* MMFeedModel.m in Sources */ = {isa = PBXBuildFile; fileRef = ED09663121CDFB3B00BB5C83 /* MMFeedModel.m */; };
		ED09664521CDFB3B00BB5C83 /* MMStyle2FeedCell.m in Sources */ = {isa = PBXBuildFile; fileRef = ED09663821CDFB3B00BB5C83 /* MMStyle2FeedCell.m */; };
		ED09664621CDFB3B00BB5C83 /* MMStyle2FeedItem.m in Sources */ = {isa = PBXBuildFile; fileRef = ED09663921CDFB3B00BB5C83 /* MMStyle2FeedItem.m */; };
		ED09664A21CDFBB900BB5C83 /* NetworkModel.m in Sources */ = {isa = PBXBuildFile; fileRef = ED09664921CDFBB900BB5C83 /* NetworkModel.m */; };
		ED09664D21CDFCCF00BB5C83 /* NSDictionary+Uitilities.m in Sources */ = {isa = PBXBuildFile; fileRef = ED09664B21CDFCCF00BB5C83 /* NSDictionary+Uitilities.m */; };
		ED09665321CDFD1F00BB5C83 /* NSString+NTJson.m in Sources */ = {isa = PBXBuildFile; fileRef = ED09665021CDFD1F00BB5C83 /* NSString+NTJson.m */; };
		ED09665A21CE112000BB5C83 /* MMFeedListItem.m in Sources */ = {isa = PBXBuildFile; fileRef = ED09665921CE112000BB5C83 /* MMFeedListItem.m */; };
		ED09665D21CE12E400BB5C83 /* MMCachedHeightTableItem.m in Sources */ = {isa = PBXBuildFile; fileRef = ED09665C21CE12E400BB5C83 /* MMCachedHeightTableItem.m */; };
		ED09666021CE13F300BB5C83 /* MMCachedHeightTableCell.m in Sources */ = {isa = PBXBuildFile; fileRef = ED09665F21CE13F300BB5C83 /* MMCachedHeightTableCell.m */; };
		ED09666721CE50B500BB5C83 /* MMFeedComponentView.m in Sources */ = {isa = PBXBuildFile; fileRef = ED09666621CE50B500BB5C83 /* MMFeedComponentView.m */; };
		ED09666A21CE50D000BB5C83 /* MMFeedComponentItem.m in Sources */ = {isa = PBXBuildFile; fileRef = ED09666921CE50D000BB5C83 /* MMFeedComponentItem.m */; };
		ED09666D21CE50E800BB5C83 /* MMFeedComponentModel.m in Sources */ = {isa = PBXBuildFile; fileRef = ED09666C21CE50E800BB5C83 /* MMFeedComponentModel.m */; };
		ED09667821CE534B00BB5C83 /* MMFeedStyleModel.m in Sources */ = {isa = PBXBuildFile; fileRef = ED09667721CE534B00BB5C83 /* MMFeedStyleModel.m */; };
/* End PBXBuildFile section */

/* Begin PBXContainerItemProxy section */
		ED09660221CDF93A00BB5C83 /* PBXContainerItemProxy */ = {
			isa = PBXContainerItemProxy;
			containerPortal = ED0965E121CDF93900BB5C83 /* Project object */;
			proxyType = 1;
			remoteGlobalIDString = ED0965E821CDF93900BB5C83;
			remoteInfo = FeedDemo;
		};
		ED09660D21CDF93A00BB5C83 /* PBXContainerItemProxy */ = {
			isa = PBXContainerItemProxy;
			containerPortal = ED0965E121CDF93900BB5C83 /* Project object */;
			proxyType = 1;
			remoteGlobalIDString = ED0965E821CDF93900BB5C83;
			remoteInfo = FeedDemo;
		};
/* End PBXContainerItemProxy section */

/* Begin PBXFileReference section */
		34ACDE9EA72905C355EA72B9 /* libPods-FeedDemo.a */ = {isa = PBXFileReference; explicitFileType = archive.ar; includeInIndex = 0; path = "libPods-FeedDemo.a"; sourceTree = BUILT_PRODUCTS_DIR; };
		67188FAD4D3596E1ADBE400A /* Pods-FeedDemo.debug.xcconfig */ = {isa = PBXFileReference; includeInIndex = 1; lastKnownFileType = text.xcconfig; name = "Pods-FeedDemo.debug.xcconfig"; path = "Pods/Target Support Files/Pods-FeedDemo/Pods-FeedDemo.debug.xcconfig"; sourceTree = "<group>"; };
		D387601B0909409F8FCC6B95 /* Pods-FeedDemo.release.xcconfig */ = {isa = PBXFileReference; includeInIndex = 1; lastKnownFileType = text.xcconfig; name = "Pods-FeedDemo.release.xcconfig"; path = "Pods/Target Support Files/Pods-FeedDemo/Pods-FeedDemo.release.xcconfig"; sourceTree = "<group>"; };
		ED0965E921CDF93900BB5C83 /* FeedDemo.app */ = {isa = PBXFileReference; explicitFileType = wrapper.application; includeInIndex = 0; path = FeedDemo.app; sourceTree = BUILT_PRODUCTS_DIR; };
		ED0965EC21CDF93900BB5C83 /* AppDelegate.h */ = {isa = PBXFileReference; lastKnownFileType = sourcecode.c.h; path = AppDelegate.h; sourceTree = "<group>"; };
		ED0965ED21CDF93900BB5C83 /* AppDelegate.m */ = {isa = PBXFileReference; lastKnownFileType = sourcecode.c.objc; path = AppDelegate.m; sourceTree = "<group>"; };
		ED0965EF21CDF93900BB5C83 /* ViewController.h */ = {isa = PBXFileReference; lastKnownFileType = sourcecode.c.h; path = ViewController.h; sourceTree = "<group>"; };
		ED0965F021CDF93900BB5C83 /* ViewController.m */ = {isa = PBXFileReference; lastKnownFileType = sourcecode.c.objc; path = ViewController.m; sourceTree = "<group>"; };
		ED0965F321CDF93900BB5C83 /* Base */ = {isa = PBXFileReference; lastKnownFileType = file.storyboard; name = Base; path = Base.lproj/Main.storyboard; sourceTree = "<group>"; };
		ED0965F521CDF93A00BB5C83 /* Assets.xcassets */ = {isa = PBXFileReference; lastKnownFileType = folder.assetcatalog; path = Assets.xcassets; sourceTree = "<group>"; };
		ED0965F821CDF93A00BB5C83 /* Base */ = {isa = PBXFileReference; lastKnownFileType = file.storyboard; name = Base; path = Base.lproj/LaunchScreen.storyboard; sourceTree = "<group>"; };
		ED0965FA21CDF93A00BB5C83 /* Info.plist */ = {isa = PBXFileReference; lastKnownFileType = text.plist.xml; path = Info.plist; sourceTree = "<group>"; };
		ED0965FB21CDF93A00BB5C83 /* main.m */ = {isa = PBXFileReference; lastKnownFileType = sourcecode.c.objc; path = main.m; sourceTree = "<group>"; };
		ED09660121CDF93A00BB5C83 /* FeedDemoTests.xctest */ = {isa = PBXFileReference; explicitFileType = wrapper.cfbundle; includeInIndex = 0; path = FeedDemoTests.xctest; sourceTree = BUILT_PRODUCTS_DIR; };
		ED09660521CDF93A00BB5C83 /* FeedDemoTests.m */ = {isa = PBXFileReference; lastKnownFileType = sourcecode.c.objc; path = FeedDemoTests.m; sourceTree = "<group>"; };
		ED09660721CDF93A00BB5C83 /* Info.plist */ = {isa = PBXFileReference; lastKnownFileType = text.plist.xml; path = Info.plist; sourceTree = "<group>"; };
		ED09660C21CDF93A00BB5C83 /* FeedDemoUITests.xctest */ = {isa = PBXFileReference; explicitFileType = wrapper.cfbundle; includeInIndex = 0; path = FeedDemoUITests.xctest; sourceTree = BUILT_PRODUCTS_DIR; };
		ED09661021CDF93A00BB5C83 /* FeedDemoUITests.m */ = {isa = PBXFileReference; lastKnownFileType = sourcecode.c.objc; path = FeedDemoUITests.m; sourceTree = "<group>"; };
		ED09661221CDF93A00BB5C83 /* Info.plist */ = {isa = PBXFileReference; lastKnownFileType = text.plist.xml; path = Info.plist; sourceTree = "<group>"; };
		ED09662121CDFB3B00BB5C83 /* MMFeedStyle2Model.m */ = {isa = PBXFileReference; fileEncoding = 4; lastKnownFileType = sourcecode.c.objc; path = MMFeedStyle2Model.m; sourceTree = "<group>"; };
		ED09662221CDFB3B00BB5C83 /* MMFeedStyle2Item.m */ = {isa = PBXFileReference; fileEncoding = 4; lastKnownFileType = sourcecode.c.objc; path = MMFeedStyle2Item.m; sourceTree = "<group>"; };
		ED09662321CDFB3B00BB5C83 /* MMFeedStyle2View.m */ = {isa = PBXFileReference; fileEncoding = 4; lastKnownFileType = sourcecode.c.objc; path = MMFeedStyle2View.m; sourceTree = "<group>"; };
		ED09662421CDFB3B00BB5C83 /* MMFeedStyle2Model.h */ = {isa = PBXFileReference; fileEncoding = 4; lastKnownFileType = sourcecode.c.h; path = MMFeedStyle2Model.h; sourceTree = "<group>"; };
		ED09662521CDFB3B00BB5C83 /* MMFeedStyle2Item.h */ = {isa = PBXFileReference; fileEncoding = 4; lastKnownFileType = sourcecode.c.h; path = MMFeedStyle2Item.h; sourceTree = "<group>"; };
		ED09662621CDFB3B00BB5C83 /* MMFeedStyle2View.h */ = {isa = PBXFileReference; fileEncoding = 4; lastKnownFileType = sourcecode.c.h; path = MMFeedStyle2View.h; sourceTree = "<group>"; };
		ED09662721CDFB3B00BB5C83 /* MMFeedItem.m */ = {isa = PBXFileReference; fileEncoding = 4; lastKnownFileType = sourcecode.c.objc; path = MMFeedItem.m; sourceTree = "<group>"; };
		ED09662821CDFB3B00BB5C83 /* MMFeedCell.m */ = {isa = PBXFileReference; fileEncoding = 4; lastKnownFileType = sourcecode.c.objc; path = MMFeedCell.m; sourceTree = "<group>"; };
		ED09662B21CDFB3B00BB5C83 /* MMFeedGuideCardItem.h */ = {isa = PBXFileReference; fileEncoding = 4; lastKnownFileType = sourcecode.c.h; path = MMFeedGuideCardItem.h; sourceTree = "<group>"; };
		ED09662C21CDFB3B00BB5C83 /* MMFeedGuideCardModel.h */ = {isa = PBXFileReference; fileEncoding = 4; lastKnownFileType = sourcecode.c.h; path = MMFeedGuideCardModel.h; sourceTree = "<group>"; };
		ED09662D21CDFB3B00BB5C83 /* MMFeedGuideCardView.h */ = {isa = PBXFileReference; fileEncoding = 4; lastKnownFileType = sourcecode.c.h; path = MMFeedGuideCardView.h; sourceTree = "<group>"; };
		ED09662E21CDFB3B00BB5C83 /* MMFeedGuideCardModel.m */ = {isa = PBXFileReference; fileEncoding = 4; lastKnownFileType = sourcecode.c.objc; path = MMFeedGuideCardModel.m; sourceTree = "<group>"; };
		ED09662F21CDFB3B00BB5C83 /* MMFeedGuideCardItem.m */ = {isa = PBXFileReference; fileEncoding = 4; lastKnownFileType = sourcecode.c.objc; path = MMFeedGuideCardItem.m; sourceTree = "<group>"; };
		ED09663021CDFB3B00BB5C83 /* MMFeedGuideCardView.m */ = {isa = PBXFileReference; fileEncoding = 4; lastKnownFileType = sourcecode.c.objc; path = MMFeedGuideCardView.m; sourceTree = "<group>"; };
		ED09663121CDFB3B00BB5C83 /* MMFeedModel.m */ = {isa = PBXFileReference; fileEncoding = 4; lastKnownFileType = sourcecode.c.objc; path = MMFeedModel.m; sourceTree = "<group>"; };
		ED09663421CDFB3B00BB5C83 /* MMFeedCell.h */ = {isa = PBXFileReference; fileEncoding = 4; lastKnownFileType = sourcecode.c.h; path = MMFeedCell.h; sourceTree = "<group>"; };
		ED09663621CDFB3B00BB5C83 /* MMStyle2FeedItem.h */ = {isa = PBXFileReference; fileEncoding = 4; lastKnownFileType = sourcecode.c.h; path = MMStyle2FeedItem.h; sourceTree = "<group>"; };
		ED09663721CDFB3B00BB5C83 /* MMStyle2FeedCell.h */ = {isa = PBXFileReference; fileEncoding = 4; lastKnownFileType = sourcecode.c.h; path = MMStyle2FeedCell.h; sourceTree = "<group>"; };
		ED09663821CDFB3B00BB5C83 /* MMStyle2FeedCell.m */ = {isa = PBXFileReference; fileEncoding = 4; lastKnownFileType = sourcecode.c.objc; path = MMStyle2FeedCell.m; sourceTree = "<group>"; };
		ED09663921CDFB3B00BB5C83 /* MMStyle2FeedItem.m */ = {isa = PBXFileReference; fileEncoding = 4; lastKnownFileType = sourcecode.c.objc; path = MMStyle2FeedItem.m; sourceTree = "<group>"; };
		ED09663A21CDFB3B00BB5C83 /* MMFeedItem.h */ = {isa = PBXFileReference; fileEncoding = 4; lastKnownFileType = sourcecode.c.h; path = MMFeedItem.h; sourceTree = "<group>"; };
		ED09663B21CDFB3B00BB5C83 /* MMFeedModel.h */ = {isa = PBXFileReference; fileEncoding = 4; lastKnownFileType = sourcecode.c.h; path = MMFeedModel.h; sourceTree = "<group>"; };
		ED09664821CDFBB900BB5C83 /* NetworkModel.h */ = {isa = PBXFileReference; lastKnownFileType = sourcecode.c.h; path = NetworkModel.h; sourceTree = "<group>"; };
		ED09664921CDFBB900BB5C83 /* NetworkModel.m */ = {isa = PBXFileReference; lastKnownFileType = sourcecode.c.objc; path = NetworkModel.m; sourceTree = "<group>"; };
		ED09664B21CDFCCF00BB5C83 /* NSDictionary+Uitilities.m */ = {isa = PBXFileReference; fileEncoding = 4; lastKnownFileType = sourcecode.c.objc; path = "NSDictionary+Uitilities.m"; sourceTree = "<group>"; };
		ED09664C21CDFCCF00BB5C83 /* NSDictionary+Uitilities.h */ = {isa = PBXFileReference; fileEncoding = 4; lastKnownFileType = sourcecode.c.h; path = "NSDictionary+Uitilities.h"; sourceTree = "<group>"; };
		ED09665021CDFD1F00BB5C83 /* NSString+NTJson.m */ = {isa = PBXFileReference; fileEncoding = 4; lastKnownFileType = sourcecode.c.objc; path = "NSString+NTJson.m"; sourceTree = "<group>"; };
		ED09665121CDFD1F00BB5C83 /* NSString+NTJson.h */ = {isa = PBXFileReference; fileEncoding = 4; lastKnownFileType = sourcecode.c.h; path = "NSString+NTJson.h"; sourceTree = "<group>"; };
		ED09665821CE112000BB5C83 /* MMFeedListItem.h */ = {isa = PBXFileReference; lastKnownFileType = sourcecode.c.h; path = MMFeedListItem.h; sourceTree = "<group>"; };
		ED09665921CE112000BB5C83 /* MMFeedListItem.m */ = {isa = PBXFileReference; lastKnownFileType = sourcecode.c.objc; path = MMFeedListItem.m; sourceTree = "<group>"; };
		ED09665B21CE12E400BB5C83 /* MMCachedHeightTableItem.h */ = {isa = PBXFileReference; fileEncoding = 4; lastKnownFileType = sourcecode.c.h; path = MMCachedHeightTableItem.h; sourceTree = "<group>"; };
		ED09665C21CE12E400BB5C83 /* MMCachedHeightTableItem.m */ = {isa = PBXFileReference; fileEncoding = 4; lastKnownFileType = sourcecode.c.objc; path = MMCachedHeightTableItem.m; sourceTree = "<group>"; };
		ED09665E21CE13F300BB5C83 /* MMCachedHeightTableCell.h */ = {isa = PBXFileReference; fileEncoding = 4; lastKnownFileType = sourcecode.c.h; path = MMCachedHeightTableCell.h; sourceTree = "<group>"; };
		ED09665F21CE13F300BB5C83 /* MMCachedHeightTableCell.m */ = {isa = PBXFileReference; fileEncoding = 4; lastKnownFileType = sourcecode.c.objc; path = MMCachedHeightTableCell.m; sourceTree = "<group>"; };
		ED09666521CE50B500BB5C83 /* MMFeedComponentView.h */ = {isa = PBXFileReference; lastKnownFileType = sourcecode.c.h; path = MMFeedComponentView.h; sourceTree = "<group>"; };
		ED09666621CE50B500BB5C83 /* MMFeedComponentView.m */ = {isa = PBXFileReference; lastKnownFileType = sourcecode.c.objc; path = MMFeedComponentView.m; sourceTree = "<group>"; };
		ED09666821CE50D000BB5C83 /* MMFeedComponentItem.h */ = {isa = PBXFileReference; lastKnownFileType = sourcecode.c.h; path = MMFeedComponentItem.h; sourceTree = "<group>"; };
		ED09666921CE50D000BB5C83 /* MMFeedComponentItem.m */ = {isa = PBXFileReference; lastKnownFileType = sourcecode.c.objc; path = MMFeedComponentItem.m; sourceTree = "<group>"; };
		ED09666B21CE50E800BB5C83 /* MMFeedComponentModel.h */ = {isa = PBXFileReference; lastKnownFileType = sourcecode.c.h; path = MMFeedComponentModel.h; sourceTree = "<group>"; };
		ED09666C21CE50E800BB5C83 /* MMFeedComponentModel.m */ = {isa = PBXFileReference; lastKnownFileType = sourcecode.c.objc; path = MMFeedComponentModel.m; sourceTree = "<group>"; };
		ED09667621CE534B00BB5C83 /* MMFeedStyleModel.h */ = {isa = PBXFileReference; lastKnownFileType = sourcecode.c.h; path = MMFeedStyleModel.h; sourceTree = "<group>"; };
		ED09667721CE534B00BB5C83 /* MMFeedStyleModel.m */ = {isa = PBXFileReference; lastKnownFileType = sourcecode.c.objc; path = MMFeedStyleModel.m; sourceTree = "<group>"; };
/* End PBXFileReference section */

/* Begin PBXFrameworksBuildPhase section */
		ED0965E621CDF93900BB5C83 /* Frameworks */ = {
			isa = PBXFrameworksBuildPhase;
			buildActionMask = 2147483647;
			files = (
				3B1A2A92BD5DF7D82B43E780 /* libPods-FeedDemo.a in Frameworks */,
			);
			runOnlyForDeploymentPostprocessing = 0;
		};
		ED0965FE21CDF93A00BB5C83 /* Frameworks */ = {
			isa = PBXFrameworksBuildPhase;
			buildActionMask = 2147483647;
			files = (
			);
			runOnlyForDeploymentPostprocessing = 0;
		};
		ED09660921CDF93A00BB5C83 /* Frameworks */ = {
			isa = PBXFrameworksBuildPhase;
			buildActionMask = 2147483647;
			files = (
			);
			runOnlyForDeploymentPostprocessing = 0;
		};
/* End PBXFrameworksBuildPhase section */

/* Begin PBXGroup section */
		91634C645F52AA12F0B792B0 /* Pods */ = {
			isa = PBXGroup;
			children = (
				67188FAD4D3596E1ADBE400A /* Pods-FeedDemo.debug.xcconfig */,
				D387601B0909409F8FCC6B95 /* Pods-FeedDemo.release.xcconfig */,
			);
			name = Pods;
			sourceTree = "<group>";
		};
		E51407B80369B5986994A1A4 /* Frameworks */ = {
			isa = PBXGroup;
			children = (
				34ACDE9EA72905C355EA72B9 /* libPods-FeedDemo.a */,
			);
			name = Frameworks;
			sourceTree = "<group>";
		};
		ED0965E021CDF93900BB5C83 = {
			isa = PBXGroup;
			children = (
				ED0965EB21CDF93900BB5C83 /* FeedDemo */,
				ED09660421CDF93A00BB5C83 /* FeedDemoTests */,
				ED09660F21CDF93A00BB5C83 /* FeedDemoUITests */,
				ED0965EA21CDF93900BB5C83 /* Products */,
				91634C645F52AA12F0B792B0 /* Pods */,
				E51407B80369B5986994A1A4 /* Frameworks */,
			);
			sourceTree = "<group>";
		};
		ED0965EA21CDF93900BB5C83 /* Products */ = {
			isa = PBXGroup;
			children = (
				ED0965E921CDF93900BB5C83 /* FeedDemo.app */,
				ED09660121CDF93A00BB5C83 /* FeedDemoTests.xctest */,
				ED09660C21CDF93A00BB5C83 /* FeedDemoUITests.xctest */,
			);
			name = Products;
			sourceTree = "<group>";
		};
		ED0965EB21CDF93900BB5C83 /* FeedDemo */ = {
			isa = PBXGroup;
			children = (
				ED09664721CDFBA000BB5C83 /* Utils */,
				ED09661F21CDFB3B00BB5C83 /* Style2Demo */,
				ED0965EC21CDF93900BB5C83 /* AppDelegate.h */,
				ED0965ED21CDF93900BB5C83 /* AppDelegate.m */,
				ED0965EF21CDF93900BB5C83 /* ViewController.h */,
				ED0965F021CDF93900BB5C83 /* ViewController.m */,
				ED0965F221CDF93900BB5C83 /* Main.storyboard */,
				ED0965F521CDF93A00BB5C83 /* Assets.xcassets */,
				ED0965F721CDF93A00BB5C83 /* LaunchScreen.storyboard */,
				ED0965FA21CDF93A00BB5C83 /* Info.plist */,
				ED0965FB21CDF93A00BB5C83 /* main.m */,
			);
			path = FeedDemo;
			sourceTree = "<group>";
		};
		ED09660421CDF93A00BB5C83 /* FeedDemoTests */ = {
			isa = PBXGroup;
			children = (
				ED09660521CDF93A00BB5C83 /* FeedDemoTests.m */,
				ED09660721CDF93A00BB5C83 /* Info.plist */,
			);
			path = FeedDemoTests;
			sourceTree = "<group>";
		};
		ED09660F21CDF93A00BB5C83 /* FeedDemoUITests */ = {
			isa = PBXGroup;
			children = (
				ED09661021CDF93A00BB5C83 /* FeedDemoUITests.m */,
				ED09661221CDF93A00BB5C83 /* Info.plist */,
			);
			path = FeedDemoUITests;
			sourceTree = "<group>";
		};
		ED09661F21CDFB3B00BB5C83 /* Style2Demo */ = {
			isa = PBXGroup;
			children = (
				ED09667921CE59B000BB5C83 /* Component */,
				ED09663521CDFB3B00BB5C83 /* Cell */,
				ED09665821CE112000BB5C83 /* MMFeedListItem.h */,
				ED09665921CE112000BB5C83 /* MMFeedListItem.m */,
			);
			path = Style2Demo;
			sourceTree = "<group>";
		};
		ED09662021CDFB3B00BB5C83 /* Style */ = {
			isa = PBXGroup;
			children = (
				ED09662521CDFB3B00BB5C83 /* MMFeedStyle2Item.h */,
				ED09662221CDFB3B00BB5C83 /* MMFeedStyle2Item.m */,
				ED09662621CDFB3B00BB5C83 /* MMFeedStyle2View.h */,
				ED09662321CDFB3B00BB5C83 /* MMFeedStyle2View.m */,
				ED09662421CDFB3B00BB5C83 /* MMFeedStyle2Model.h */,
				ED09662121CDFB3B00BB5C83 /* MMFeedStyle2Model.m */,
			);
			path = Style;
			sourceTree = "<group>";
		};
		ED09662A21CDFB3B00BB5C83 /* GuideCard */ = {
			isa = PBXGroup;
			children = (
				ED09662B21CDFB3B00BB5C83 /* MMFeedGuideCardItem.h */,
				ED09662F21CDFB3B00BB5C83 /* MMFeedGuideCardItem.m */,
				ED09662D21CDFB3B00BB5C83 /* MMFeedGuideCardView.h */,
				ED09663021CDFB3B00BB5C83 /* MMFeedGuideCardView.m */,
				ED09662C21CDFB3B00BB5C83 /* MMFeedGuideCardModel.h */,
				ED09662E21CDFB3B00BB5C83 /* MMFeedGuideCardModel.m */,
			);
			path = GuideCard;
			sourceTree = "<group>";
		};
		ED09663521CDFB3B00BB5C83 /* Cell */ = {
			isa = PBXGroup;
			children = (
				ED09667C21CE5A4000BB5C83 /* Style2 */,
				ED09667B21CE59FC00BB5C83 /* Base */,
			);
			path = Cell;
			sourceTree = "<group>";
		};
		ED09664721CDFBA000BB5C83 /* Utils */ = {
			isa = PBXGroup;
			children = (
				ED09665E21CE13F300BB5C83 /* MMCachedHeightTableCell.h */,
				ED09665F21CE13F300BB5C83 /* MMCachedHeightTableCell.m */,
				ED09665B21CE12E400BB5C83 /* MMCachedHeightTableItem.h */,
				ED09665C21CE12E400BB5C83 /* MMCachedHeightTableItem.m */,
				ED09665121CDFD1F00BB5C83 /* NSString+NTJson.h */,
				ED09665021CDFD1F00BB5C83 /* NSString+NTJson.m */,
				ED09664C21CDFCCF00BB5C83 /* NSDictionary+Uitilities.h */,
				ED09664B21CDFCCF00BB5C83 /* NSDictionary+Uitilities.m */,
				ED09664821CDFBB900BB5C83 /* NetworkModel.h */,
				ED09664921CDFBB900BB5C83 /* NetworkModel.m */,
			);
			path = Utils;
			sourceTree = "<group>";
		};
		ED09665721CE10C500BB5C83 /* Base */ = {
			isa = PBXGroup;
			children = (
				ED09666521CE50B500BB5C83 /* MMFeedComponentView.h */,
				ED09666621CE50B500BB5C83 /* MMFeedComponentView.m */,
				ED09666821CE50D000BB5C83 /* MMFeedComponentItem.h */,
				ED09666921CE50D000BB5C83 /* MMFeedComponentItem.m */,
				ED09666B21CE50E800BB5C83 /* MMFeedComponentModel.h */,
				ED09666C21CE50E800BB5C83 /* MMFeedComponentModel.m */,
			);
			path = Base;
			sourceTree = "<group>";
		};
		ED09667921CE59B000BB5C83 /* Component */ = {
			isa = PBXGroup;
			children = (
				ED09667A21CE59D300BB5C83 /* Style2 */,
				ED09665721CE10C500BB5C83 /* Base */,
			);
			path = Component;
			sourceTree = "<group>";
		};
		ED09667A21CE59D300BB5C83 /* Style2 */ = {
			isa = PBXGroup;
			children = (
				ED09662021CDFB3B00BB5C83 /* Style */,
				ED09662A21CDFB3B00BB5C83 /* GuideCard */,
			);
			path = Style2;
			sourceTree = "<group>";
		};
		ED09667B21CE59FC00BB5C83 /* Base */ = {
			isa = PBXGroup;
			children = (
				ED09667621CE534B00BB5C83 /* MMFeedStyleModel.h */,
				ED09667721CE534B00BB5C83 /* MMFeedStyleModel.m */,
				ED09663A21CDFB3B00BB5C83 /* MMFeedItem.h */,
				ED09662721CDFB3B00BB5C83 /* MMFeedItem.m */,
				ED09663421CDFB3B00BB5C83 /* MMFeedCell.h */,
				ED09662821CDFB3B00BB5C83 /* MMFeedCell.m */,
				ED09663B21CDFB3B00BB5C83 /* MMFeedModel.h */,
				ED09663121CDFB3B00BB5C83 /* MMFeedModel.m */,
			);
			path = Base;
			sourceTree = "<group>";
		};
		ED09667C21CE5A4000BB5C83 /* Style2 */ = {
			isa = PBXGroup;
			children = (
				ED09663621CDFB3B00BB5C83 /* MMStyle2FeedItem.h */,
				ED09663921CDFB3B00BB5C83 /* MMStyle2FeedItem.m */,
				ED09663721CDFB3B00BB5C83 /* MMStyle2FeedCell.h */,
				ED09663821CDFB3B00BB5C83 /* MMStyle2FeedCell.m */,
			);
			path = Style2;
			sourceTree = "<group>";
		};
/* End PBXGroup section */

/* Begin PBXNativeTarget section */
		ED0965E821CDF93900BB5C83 /* FeedDemo */ = {
			isa = PBXNativeTarget;
			buildConfigurationList = ED09661521CDF93A00BB5C83 /* Build configuration list for PBXNativeTarget "FeedDemo" */;
			buildPhases = (
				B251DDA67D27B60F65F959FD /* [CP] Check Pods Manifest.lock */,
				ED0965E521CDF93900BB5C83 /* Sources */,
				ED0965E621CDF93900BB5C83 /* Frameworks */,
				ED0965E721CDF93900BB5C83 /* Resources */,
				651D6D4E3518D8335C79A6F7 /* [CP] Embed Pods Frameworks */,
				B8BF7698199973F3B2B062DD /* [CP] Copy Pods Resources */,
			);
			buildRules = (
			);
			dependencies = (
			);
			name = FeedDemo;
			productName = FeedDemo;
			productReference = ED0965E921CDF93900BB5C83 /* FeedDemo.app */;
			productType = "com.apple.product-type.application";
		};
		ED09660021CDF93A00BB5C83 /* FeedDemoTests */ = {
			isa = PBXNativeTarget;
			buildConfigurationList = ED09661821CDF93A00BB5C83 /* Build configuration list for PBXNativeTarget "FeedDemoTests" */;
			buildPhases = (
				ED0965FD21CDF93A00BB5C83 /* Sources */,
				ED0965FE21CDF93A00BB5C83 /* Frameworks */,
				ED0965FF21CDF93A00BB5C83 /* Resources */,
			);
			buildRules = (
			);
			dependencies = (
				ED09660321CDF93A00BB5C83 /* PBXTargetDependency */,
			);
			name = FeedDemoTests;
			productName = FeedDemoTests;
			productReference = ED09660121CDF93A00BB5C83 /* FeedDemoTests.xctest */;
			productType = "com.apple.product-type.bundle.unit-test";
		};
		ED09660B21CDF93A00BB5C83 /* FeedDemoUITests */ = {
			isa = PBXNativeTarget;
			buildConfigurationList = ED09661B21CDF93A00BB5C83 /* Build configuration list for PBXNativeTarget "FeedDemoUITests" */;
			buildPhases = (
				ED09660821CDF93A00BB5C83 /* Sources */,
				ED09660921CDF93A00BB5C83 /* Frameworks */,
				ED09660A21CDF93A00BB5C83 /* Resources */,
			);
			buildRules = (
			);
			dependencies = (
				ED09660E21CDF93A00BB5C83 /* PBXTargetDependency */,
			);
			name = FeedDemoUITests;
			productName = FeedDemoUITests;
			productReference = ED09660C21CDF93A00BB5C83 /* FeedDemoUITests.xctest */;
			productType = "com.apple.product-type.bundle.ui-testing";
		};
/* End PBXNativeTarget section */

/* Begin PBXProject section */
		ED0965E121CDF93900BB5C83 /* Project object */ = {
			isa = PBXProject;
			attributes = {
				LastUpgradeCheck = 1010;
				ORGANIZATIONNAME = "朱志文";
				TargetAttributes = {
					ED0965E821CDF93900BB5C83 = {
						CreatedOnToolsVersion = 10.1;
					};
					ED09660021CDF93A00BB5C83 = {
						CreatedOnToolsVersion = 10.1;
						TestTargetID = ED0965E821CDF93900BB5C83;
					};
					ED09660B21CDF93A00BB5C83 = {
						CreatedOnToolsVersion = 10.1;
						TestTargetID = ED0965E821CDF93900BB5C83;
					};
				};
			};
			buildConfigurationList = ED0965E421CDF93900BB5C83 /* Build configuration list for PBXProject "FeedDemo" */;
			compatibilityVersion = "Xcode 9.3";
			developmentRegion = en;
			hasScannedForEncodings = 0;
			knownRegions = (
				en,
				Base,
			);
			mainGroup = ED0965E021CDF93900BB5C83;
			productRefGroup = ED0965EA21CDF93900BB5C83 /* Products */;
			projectDirPath = "";
			projectRoot = "";
			targets = (
				ED0965E821CDF93900BB5C83 /* FeedDemo */,
				ED09660021CDF93A00BB5C83 /* FeedDemoTests */,
				ED09660B21CDF93A00BB5C83 /* FeedDemoUITests */,
			);
		};
/* End PBXProject section */

/* Begin PBXResourcesBuildPhase section */
		ED0965E721CDF93900BB5C83 /* Resources */ = {
			isa = PBXResourcesBuildPhase;
			buildActionMask = 2147483647;
			files = (
				ED0965F921CDF93A00BB5C83 /* LaunchScreen.storyboard in Resources */,
				ED0965F621CDF93A00BB5C83 /* Assets.xcassets in Resources */,
				ED0965F421CDF93900BB5C83 /* Main.storyboard in Resources */,
			);
			runOnlyForDeploymentPostprocessing = 0;
		};
		ED0965FF21CDF93A00BB5C83 /* Resources */ = {
			isa = PBXResourcesBuildPhase;
			buildActionMask = 2147483647;
			files = (
			);
			runOnlyForDeploymentPostprocessing = 0;
		};
		ED09660A21CDF93A00BB5C83 /* Resources */ = {
			isa = PBXResourcesBuildPhase;
			buildActionMask = 2147483647;
			files = (
			);
			runOnlyForDeploymentPostprocessing = 0;
		};
/* End PBXResourcesBuildPhase section */

/* Begin PBXShellScriptBuildPhase section */
		651D6D4E3518D8335C79A6F7 /* [CP] Embed Pods Frameworks */ = {
			isa = PBXShellScriptBuildPhase;
			buildActionMask = 2147483647;
			files = (
			);
			inputPaths = (
			);
			name = "[CP] Embed Pods Frameworks";
			outputPaths = (
			);
			runOnlyForDeploymentPostprocessing = 0;
			shellPath = /bin/sh;
			shellScript = "\"${SRCROOT}/Pods/Target Support Files/Pods-FeedDemo/Pods-FeedDemo-frameworks.sh\"\n";
			showEnvVarsInLog = 0;
		};
		B251DDA67D27B60F65F959FD /* [CP] Check Pods Manifest.lock */ = {
			isa = PBXShellScriptBuildPhase;
			buildActionMask = 2147483647;
			files = (
			);
			inputPaths = (
				"${PODS_PODFILE_DIR_PATH}/Podfile.lock",
				"${PODS_ROOT}/Manifest.lock",
			);
			name = "[CP] Check Pods Manifest.lock";
			outputPaths = (
				"$(DERIVED_FILE_DIR)/Pods-FeedDemo-checkManifestLockResult.txt",
			);
			runOnlyForDeploymentPostprocessing = 0;
			shellPath = /bin/sh;
			shellScript = "diff \"${PODS_PODFILE_DIR_PATH}/Podfile.lock\" \"${PODS_ROOT}/Manifest.lock\" > /dev/null\nif [ $? != 0 ] ; then\n    # print error to STDERR\n    echo \"error: The sandbox is not in sync with the Podfile.lock. Run 'pod install' or update your CocoaPods installation.\" >&2\n    exit 1\nfi\n# This output is used by Xcode 'outputs' to avoid re-running this script phase.\necho \"SUCCESS\" > \"${SCRIPT_OUTPUT_FILE_0}\"\n";
			showEnvVarsInLog = 0;
		};
		B8BF7698199973F3B2B062DD /* [CP] Copy Pods Resources */ = {
			isa = PBXShellScriptBuildPhase;
			buildActionMask = 2147483647;
			files = (
			);
			inputPaths = (
				"${SRCROOT}/Pods/Target Support Files/Pods-FeedDemo/Pods-FeedDemo-resources.sh",
				"${PODS_CONFIGURATION_BUILD_DIR}/RETableViewManager/RETableViewManager.bundle",
			);
			name = "[CP] Copy Pods Resources";
			outputPaths = (
				"${TARGET_BUILD_DIR}/${UNLOCALIZED_RESOURCES_FOLDER_PATH}/RETableViewManager.bundle",
			);
			runOnlyForDeploymentPostprocessing = 0;
			shellPath = /bin/sh;
			shellScript = "\"${SRCROOT}/Pods/Target Support Files/Pods-FeedDemo/Pods-FeedDemo-resources.sh\"\n";
			showEnvVarsInLog = 0;
		};
/* End PBXShellScriptBuildPhase section */

/* Begin PBXSourcesBuildPhase section */
		ED0965E521CDF93900BB5C83 /* Sources */ = {
			isa = PBXSourcesBuildPhase;
			buildActionMask = 2147483647;
			files = (
				ED09665A21CE112000BB5C83 /* MMFeedListItem.m in Sources */,
				ED09663C21CDFB3B00BB5C83 /* MMFeedStyle2Model.m in Sources */,
				ED09664621CDFB3B00BB5C83 /* MMStyle2FeedItem.m in Sources */,
				ED09666D21CE50E800BB5C83 /* MMFeedComponentModel.m in Sources */,
				ED09666021CE13F300BB5C83 /* MMCachedHeightTableCell.m in Sources */,
				ED09664A21CDFBB900BB5C83 /* NetworkModel.m in Sources */,
				ED09663D21CDFB3B00BB5C83 /* MMFeedStyle2Item.m in Sources */,
				ED09664521CDFB3B00BB5C83 /* MMStyle2FeedCell.m in Sources */,
				ED09665D21CE12E400BB5C83 /* MMCachedHeightTableItem.m in Sources */,
				ED09665321CDFD1F00BB5C83 /* NSString+NTJson.m in Sources */,
				ED09664121CDFB3B00BB5C83 /* MMFeedGuideCardModel.m in Sources */,
				ED09667821CE534B00BB5C83 /* MMFeedStyleModel.m in Sources */,
				ED09664221CDFB3B00BB5C83 /* MMFeedGuideCardItem.m in Sources */,
				ED09663F21CDFB3B00BB5C83 /* MMFeedItem.m in Sources */,
				ED09666A21CE50D000BB5C83 /* MMFeedComponentItem.m in Sources */,
				ED0965F121CDF93900BB5C83 /* ViewController.m in Sources */,
				ED09664321CDFB3B00BB5C83 /* MMFeedGuideCardView.m in Sources */,
				ED09664421CDFB3B00BB5C83 /* MMFeedModel.m in Sources */,
				ED09664D21CDFCCF00BB5C83 /* NSDictionary+Uitilities.m in Sources */,
				ED09663E21CDFB3B00BB5C83 /* MMFeedStyle2View.m in Sources */,
				ED09664021CDFB3B00BB5C83 /* MMFeedCell.m in Sources */,
				ED09666721CE50B500BB5C83 /* MMFeedComponentView.m in Sources */,
				ED0965FC21CDF93A00BB5C83 /* main.m in Sources */,
				ED0965EE21CDF93900BB5C83 /* AppDelegate.m in Sources */,
			);
			runOnlyForDeploymentPostprocessing = 0;
		};
		ED0965FD21CDF93A00BB5C83 /* Sources */ = {
			isa = PBXSourcesBuildPhase;
			buildActionMask = 2147483647;
			files = (
				ED09660621CDF93A00BB5C83 /* FeedDemoTests.m in Sources */,
			);
			runOnlyForDeploymentPostprocessing = 0;
		};
		ED09660821CDF93A00BB5C83 /* Sources */ = {
			isa = PBXSourcesBuildPhase;
			buildActionMask = 2147483647;
			files = (
				ED09661121CDF93A00BB5C83 /* FeedDemoUITests.m in Sources */,
			);
			runOnlyForDeploymentPostprocessing = 0;
		};
/* End PBXSourcesBuildPhase section */

/* Begin PBXTargetDependency section */
		ED09660321CDF93A00BB5C83 /* PBXTargetDependency */ = {
			isa = PBXTargetDependency;
			target = ED0965E821CDF93900BB5C83 /* FeedDemo */;
			targetProxy = ED09660221CDF93A00BB5C83 /* PBXContainerItemProxy */;
		};
		ED09660E21CDF93A00BB5C83 /* PBXTargetDependency */ = {
			isa = PBXTargetDependency;
			target = ED0965E821CDF93900BB5C83 /* FeedDemo */;
			targetProxy = ED09660D21CDF93A00BB5C83 /* PBXContainerItemProxy */;
		};
/* End PBXTargetDependency section */

/* Begin PBXVariantGroup section */
		ED0965F221CDF93900BB5C83 /* Main.storyboard */ = {
			isa = PBXVariantGroup;
			children = (
				ED0965F321CDF93900BB5C83 /* Base */,
			);
			name = Main.storyboard;
			sourceTree = "<group>";
		};
		ED0965F721CDF93A00BB5C83 /* LaunchScreen.storyboard */ = {
			isa = PBXVariantGroup;
			children = (
				ED0965F821CDF93A00BB5C83 /* Base */,
			);
			name = LaunchScreen.storyboard;
			sourceTree = "<group>";
		};
/* End PBXVariantGroup section */

/* Begin XCBuildConfiguration section */
		ED09661321CDF93A00BB5C83 /* Debug */ = {
			isa = XCBuildConfiguration;
			buildSettings = {
				ALWAYS_SEARCH_USER_PATHS = NO;
				CLANG_ANALYZER_NONNULL = YES;
				CLANG_ANALYZER_NUMBER_OBJECT_CONVERSION = YES_AGGRESSIVE;
				CLANG_CXX_LANGUAGE_STANDARD = "gnu++14";
				CLANG_CXX_LIBRARY = "libc++";
				CLANG_ENABLE_MODULES = YES;
				CLANG_ENABLE_OBJC_ARC = YES;
				CLANG_ENABLE_OBJC_WEAK = YES;
				CLANG_WARN_BLOCK_CAPTURE_AUTORELEASING = YES;
				CLANG_WARN_BOOL_CONVERSION = YES;
				CLANG_WARN_COMMA = YES;
				CLANG_WARN_CONSTANT_CONVERSION = YES;
				CLANG_WARN_DEPRECATED_OBJC_IMPLEMENTATIONS = YES;
				CLANG_WARN_DIRECT_OBJC_ISA_USAGE = YES_ERROR;
				CLANG_WARN_DOCUMENTATION_COMMENTS = YES;
				CLANG_WARN_EMPTY_BODY = YES;
				CLANG_WARN_ENUM_CONVERSION = YES;
				CLANG_WARN_INFINITE_RECURSION = YES;
				CLANG_WARN_INT_CONVERSION = YES;
				CLANG_WARN_NON_LITERAL_NULL_CONVERSION = YES;
				CLANG_WARN_OBJC_IMPLICIT_RETAIN_SELF = YES;
				CLANG_WARN_OBJC_LITERAL_CONVERSION = YES;
				CLANG_WARN_OBJC_ROOT_CLASS = YES_ERROR;
				CLANG_WARN_RANGE_LOOP_ANALYSIS = YES;
				CLANG_WARN_STRICT_PROTOTYPES = YES;
				CLANG_WARN_SUSPICIOUS_MOVE = YES;
				CLANG_WARN_UNGUARDED_AVAILABILITY = YES_AGGRESSIVE;
				CLANG_WARN_UNREACHABLE_CODE = YES;
				CLANG_WARN__DUPLICATE_METHOD_MATCH = YES;
				CODE_SIGN_IDENTITY = "iPhone Developer";
				COPY_PHASE_STRIP = NO;
				DEBUG_INFORMATION_FORMAT = dwarf;
				ENABLE_STRICT_OBJC_MSGSEND = YES;
				ENABLE_TESTABILITY = YES;
				GCC_C_LANGUAGE_STANDARD = gnu11;
				GCC_DYNAMIC_NO_PIC = NO;
				GCC_NO_COMMON_BLOCKS = YES;
				GCC_OPTIMIZATION_LEVEL = 0;
				GCC_PREPROCESSOR_DEFINITIONS = (
					"DEBUG=1",
					"$(inherited)",
				);
				GCC_WARN_64_TO_32_BIT_CONVERSION = YES;
				GCC_WARN_ABOUT_RETURN_TYPE = YES_ERROR;
				GCC_WARN_UNDECLARED_SELECTOR = YES;
				GCC_WARN_UNINITIALIZED_AUTOS = YES_AGGRESSIVE;
				GCC_WARN_UNUSED_FUNCTION = YES;
				GCC_WARN_UNUSED_VARIABLE = YES;
				IPHONEOS_DEPLOYMENT_TARGET = 12.1;
				MTL_ENABLE_DEBUG_INFO = INCLUDE_SOURCE;
				MTL_FAST_MATH = YES;
				ONLY_ACTIVE_ARCH = YES;
				SDKROOT = iphoneos;
			};
			name = Debug;
		};
		ED09661421CDF93A00BB5C83 /* Release */ = {
			isa = XCBuildConfiguration;
			buildSettings = {
				ALWAYS_SEARCH_USER_PATHS = NO;
				CLANG_ANALYZER_NONNULL = YES;
				CLANG_ANALYZER_NUMBER_OBJECT_CONVERSION = YES_AGGRESSIVE;
				CLANG_CXX_LANGUAGE_STANDARD = "gnu++14";
				CLANG_CXX_LIBRARY = "libc++";
				CLANG_ENABLE_MODULES = YES;
				CLANG_ENABLE_OBJC_ARC = YES;
				CLANG_ENABLE_OBJC_WEAK = YES;
				CLANG_WARN_BLOCK_CAPTURE_AUTORELEASING = YES;
				CLANG_WARN_BOOL_CONVERSION = YES;
				CLANG_WARN_COMMA = YES;
				CLANG_WARN_CONSTANT_CONVERSION = YES;
				CLANG_WARN_DEPRECATED_OBJC_IMPLEMENTATIONS = YES;
				CLANG_WARN_DIRECT_OBJC_ISA_USAGE = YES_ERROR;
				CLANG_WARN_DOCUMENTATION_COMMENTS = YES;
				CLANG_WARN_EMPTY_BODY = YES;
				CLANG_WARN_ENUM_CONVERSION = YES;
				CLANG_WARN_INFINITE_RECURSION = YES;
				CLANG_WARN_INT_CONVERSION = YES;
				CLANG_WARN_NON_LITERAL_NULL_CONVERSION = YES;
				CLANG_WARN_OBJC_IMPLICIT_RETAIN_SELF = YES;
				CLANG_WARN_OBJC_LITERAL_CONVERSION = YES;
				CLANG_WARN_OBJC_ROOT_CLASS = YES_ERROR;
				CLANG_WARN_RANGE_LOOP_ANALYSIS = YES;
				CLANG_WARN_STRICT_PROTOTYPES = YES;
				CLANG_WARN_SUSPICIOUS_MOVE = YES;
				CLANG_WARN_UNGUARDED_AVAILABILITY = YES_AGGRESSIVE;
				CLANG_WARN_UNREACHABLE_CODE = YES;
				CLANG_WARN__DUPLICATE_METHOD_MATCH = YES;
				CODE_SIGN_IDENTITY = "iPhone Developer";
				COPY_PHASE_STRIP = NO;
				DEBUG_INFORMATION_FORMAT = "dwarf-with-dsym";
				ENABLE_NS_ASSERTIONS = NO;
				ENABLE_STRICT_OBJC_MSGSEND = YES;
				GCC_C_LANGUAGE_STANDARD = gnu11;
				GCC_NO_COMMON_BLOCKS = YES;
				GCC_WARN_64_TO_32_BIT_CONVERSION = YES;
				GCC_WARN_ABOUT_RETURN_TYPE = YES_ERROR;
				GCC_WARN_UNDECLARED_SELECTOR = YES;
				GCC_WARN_UNINITIALIZED_AUTOS = YES_AGGRESSIVE;
				GCC_WARN_UNUSED_FUNCTION = YES;
				GCC_WARN_UNUSED_VARIABLE = YES;
				IPHONEOS_DEPLOYMENT_TARGET = 12.1;
				MTL_ENABLE_DEBUG_INFO = NO;
				MTL_FAST_MATH = YES;
				SDKROOT = iphoneos;
				VALIDATE_PRODUCT = YES;
			};
			name = Release;
		};
		ED09661621CDF93A00BB5C83 /* Debug */ = {
			isa = XCBuildConfiguration;
			baseConfigurationReference = 67188FAD4D3596E1ADBE400A /* Pods-FeedDemo.debug.xcconfig */;
			buildSettings = {
				ASSETCATALOG_COMPILER_APPICON_NAME = AppIcon;
				CODE_SIGN_STYLE = Automatic;
				INFOPLIST_FILE = FeedDemo/Info.plist;
				LD_RUNPATH_SEARCH_PATHS = (
					"$(inherited)",
					"@executable_path/Frameworks",
				);
				PRODUCT_BUNDLE_IDENTIFIER = com.taou.FeedDemo;
				PRODUCT_NAME = "$(TARGET_NAME)";
				TARGETED_DEVICE_FAMILY = "1,2";
			};
			name = Debug;
		};
		ED09661721CDF93A00BB5C83 /* Release */ = {
			isa = XCBuildConfiguration;
			baseConfigurationReference = D387601B0909409F8FCC6B95 /* Pods-FeedDemo.release.xcconfig */;
			buildSettings = {
				ASSETCATALOG_COMPILER_APPICON_NAME = AppIcon;
				CODE_SIGN_STYLE = Automatic;
				INFOPLIST_FILE = FeedDemo/Info.plist;
				LD_RUNPATH_SEARCH_PATHS = (
					"$(inherited)",
					"@executable_path/Frameworks",
				);
				PRODUCT_BUNDLE_IDENTIFIER = com.taou.FeedDemo;
				PRODUCT_NAME = "$(TARGET_NAME)";
				TARGETED_DEVICE_FAMILY = "1,2";
			};
			name = Release;
		};
		ED09661921CDF93A00BB5C83 /* Debug */ = {
			isa = XCBuildConfiguration;
			buildSettings = {
				BUNDLE_LOADER = "$(TEST_HOST)";
				CODE_SIGN_STYLE = Automatic;
				INFOPLIST_FILE = FeedDemoTests/Info.plist;
				LD_RUNPATH_SEARCH_PATHS = (
					"$(inherited)",
					"@executable_path/Frameworks",
					"@loader_path/Frameworks",
				);
				PRODUCT_BUNDLE_IDENTIFIER = com.taou.FeedDemoTests;
				PRODUCT_NAME = "$(TARGET_NAME)";
				TARGETED_DEVICE_FAMILY = "1,2";
				TEST_HOST = "$(BUILT_PRODUCTS_DIR)/FeedDemo.app/FeedDemo";
			};
			name = Debug;
		};
		ED09661A21CDF93A00BB5C83 /* Release */ = {
			isa = XCBuildConfiguration;
			buildSettings = {
				BUNDLE_LOADER = "$(TEST_HOST)";
				CODE_SIGN_STYLE = Automatic;
				INFOPLIST_FILE = FeedDemoTests/Info.plist;
				LD_RUNPATH_SEARCH_PATHS = (
					"$(inherited)",
					"@executable_path/Frameworks",
					"@loader_path/Frameworks",
				);
				PRODUCT_BUNDLE_IDENTIFIER = com.taou.FeedDemoTests;
				PRODUCT_NAME = "$(TARGET_NAME)";
				TARGETED_DEVICE_FAMILY = "1,2";
				TEST_HOST = "$(BUILT_PRODUCTS_DIR)/FeedDemo.app/FeedDemo";
			};
			name = Release;
		};
		ED09661C21CDF93A00BB5C83 /* Debug */ = {
			isa = XCBuildConfiguration;
			buildSettings = {
				CODE_SIGN_STYLE = Automatic;
				INFOPLIST_FILE = FeedDemoUITests/Info.plist;
				LD_RUNPATH_SEARCH_PATHS = (
					"$(inherited)",
					"@executable_path/Frameworks",
					"@loader_path/Frameworks",
				);
				PRODUCT_BUNDLE_IDENTIFIER = com.taou.FeedDemoUITests;
				PRODUCT_NAME = "$(TARGET_NAME)";
				TARGETED_DEVICE_FAMILY = "1,2";
				TEST_TARGET_NAME = FeedDemo;
			};
			name = Debug;
		};
		ED09661D21CDF93A00BB5C83 /* Release */ = {
			isa = XCBuildConfiguration;
			buildSettings = {
				CODE_SIGN_STYLE = Automatic;
				INFOPLIST_FILE = FeedDemoUITests/Info.plist;
				LD_RUNPATH_SEARCH_PATHS = (
					"$(inherited)",
					"@executable_path/Frameworks",
					"@loader_path/Frameworks",
				);
				PRODUCT_BUNDLE_IDENTIFIER = com.taou.FeedDemoUITests;
				PRODUCT_NAME = "$(TARGET_NAME)";
				TARGETED_DEVICE_FAMILY = "1,2";
				TEST_TARGET_NAME = FeedDemo;
			};
			name = Release;
		};
/* End XCBuildConfiguration section */

/* Begin XCConfigurationList section */
		ED0965E421CDF93900BB5C83 /* Build configuration list for PBXProject "FeedDemo" */ = {
			isa = XCConfigurationList;
			buildConfigurations = (
				ED09661321CDF93A00BB5C83 /* Debug */,
				ED09661421CDF93A00BB5C83 /* Release */,
			);
			defaultConfigurationIsVisible = 0;
			defaultConfigurationName = Release;
		};
		ED09661521CDF93A00BB5C83 /* Build configuration list for PBXNativeTarget "FeedDemo" */ = {
			isa = XCConfigurationList;
			buildConfigurations = (
				ED09661621CDF93A00BB5C83 /* Debug */,
				ED09661721CDF93A00BB5C83 /* Release */,
			);
			defaultConfigurationIsVisible = 0;
			defaultConfigurationName = Release;
		};
		ED09661821CDF93A00BB5C83 /* Build configuration list for PBXNativeTarget "FeedDemoTests" */ = {
			isa = XCConfigurationList;
			buildConfigurations = (
				ED09661921CDF93A00BB5C83 /* Debug */,
				ED09661A21CDF93A00BB5C83 /* Release */,
			);
			defaultConfigurationIsVisible = 0;
			defaultConfigurationName = Release;
		};
		ED09661B21CDF93A00BB5C83 /* Build configuration list for PBXNativeTarget "FeedDemoUITests" */ = {
			isa = XCConfigurationList;
			buildConfigurations = (
				ED09661C21CDF93A00BB5C83 /* Debug */,
				ED09661D21CDF93A00BB5C83 /* Release */,
			);
			defaultConfigurationIsVisible = 0;
			defaultConfigurationName = Release;
		};
/* End XCConfigurationList section */
	};
	rootObject = ED0965E121CDF93900BB5C83 /* Project object */;
}
